
Microsoft Visual Studio Solution File, Format Version 12.00
# Visual Studio Version 16
VisualStudioVersion = 16.0.31702.278
MinimumVisualStudioVersion = 10.0.40219.1
Project("{FAE04EC0-301F-11D3-BF4B-00C04F79EFBC}") = "MenaxhimiKinemasev2", "MenaxhimiKinemasev2\MenaxhimiKinemasev2.csproj", "{EF921984-84E6-443D-99CB-848BB46494DF}"
EndProject
Global
	GlobalSection(SolutionConfigurationPlatforms) = preSolution
		Debug|Any CPU = Debug|Any CPU
		Release|Any CPU = Release|Any CPU
	EndGlobalSection
	GlobalSection(ProjectConfigurationPlatforms) = postSolution
		{EF921984-84E6-443D-99CB-848BB46494DF}.Debug|Any CPU.ActiveCfg = Debug|Any CPU
		{EF921984-84E6-443D-99CB-848BB46494DF}.Debug|Any CPU.Build.0 = Debug|Any CPU
		{EF921984-84E6-443D-99CB-848BB46494DF}.Release|Any CPU.ActiveCfg = Release|Any CPU
		{EF921984-84E6-443D-99CB-848BB46494DF}.Release|Any CPU.Build.0 = Release|Any CPU
	EndGlobalSection
	GlobalSection(SolutionProperties) = preSolution
		HideSolutionNode = FALSE
	EndGlobalSection
	GlobalSection(ExtensibilityGlobals) = postSolution
		SolutionGuid = {220D9DFA-D73F-408A-BEC4-3932E6FB9B73}
	EndGlobalSection
EndGlobal
